
Microsoft Visual Studio Solution File, Format Version 12.00
# Visual Studio Version 17
VisualStudioVersion = 17.0.31912.275
MinimumVisualStudioVersion = 10.0.40219.1
Project("{FAE04EC0-301F-11D3-BF4B-00C04F79EFBC}") = "SMD-PROJECT", "SMD-PROJECT.csproj", "{96F36277-5A22-4D20-8F2C-3D149BABD4E6}"
EndProject
Global
	GlobalSection(SolutionConfigurationPlatforms) = preSolution
		Debug|Any CPU = Debug|Any CPU
		Release|Any CPU = Release|Any CPU
	EndGlobalSection
	GlobalSection(ProjectConfigurationPlatforms) = postSolution
		{96F36277-5A22-4D20-8F2C-3D149BABD4E6}.Debug|Any CPU.ActiveCfg = Debug|Any CPU
		{96F36277-5A22-4D20-8F2C-3D149BABD4E6}.Debug|Any CPU.Build.0 = Debug|Any CPU
		{96F36277-5A22-4D20-8F2C-3D149BABD4E6}.Release|Any CPU.ActiveCfg = Release|Any CPU
		{96F36277-5A22-4D20-8F2C-3D149BABD4E6}.Release|Any CPU.Build.0 = Release|Any CPU
	EndGlobalSection
	GlobalSection(SolutionProperties) = preSolution
		HideSolutionNode = FALSE
	EndGlobalSection
	GlobalSection(ExtensibilityGlobals) = postSolution
		SolutionGuid = {891C4A4D-0999-4FB0-96BB-2750BCB2E31B}
	EndGlobalSection
EndGlobal
